
Microsoft Visual Studio Solution File, Format Version 12.00
# Visual Studio Version 17
VisualStudioVersion = 17.11.35327.3
MinimumVisualStudioVersion = 10.0.40219.1
Project("{2150E333-8FDC-42A3-9474-1A3956D46DE8}") = "Microservices", "Microservices", "{BAFA5B82-5698-48C2-8306-74FABCF411C1}"
EndProject
Project("{2150E333-8FDC-42A3-9474-1A3956D46DE8}") = "PersonaMS", "PersonaMS", "{8B0E8093-A335-4187-9E36-990FD5590426}"
EndProject
Project("{9A19103F-16F7-4668-BE54-9A1E7A4F7556}") = "GestionPersonas.Domain", "..\ProyectoInetum\GestionCitasMedicas.Domain\GestionCitasMedicas.Domain\GestionPersonas.Domain.csproj", "{573EC16A-9AF7-436F-83CD-A92604129FA8}"
EndProject
Project("{9A19103F-16F7-4668-BE54-9A1E7A4F7556}") = "GestionPersonas.API", "..\ProyectoInetum\GestionPersonas.API\GestionPersonas.API.csproj", "{75FA8AA8-22DB-4B0C-A8C0-238628CE695A}"
EndProject
Project("{9A19103F-16F7-4668-BE54-9A1E7A4F7556}") = "GestionPersonas.Application", "..\ProyectoInetum\GestionPersonas.Application\GestionPersonas.Application.csproj", "{6C44A8AA-788D-4341-B810-9B0E680B8C6C}"
EndProject
Project("{9A19103F-16F7-4668-BE54-9A1E7A4F7556}") = "GestionPersonas.Infraestructura", "..\ProyectoInetum\GestionPersonas.Infraestructura\GestionPersonas.Infraestructura.csproj", "{ABFCFD74-7388-43D2-9A7B-847C6D932108}"
EndProject
Project("{9A19103F-16F7-4668-BE54-9A1E7A4F7556}") = "GestionPersonas.UnitTest", "..\ProyectoInetum\GestionPersonas.UnitTest\GestionPersonas.UnitTest.csproj", "{71E2D0B9-9889-4786-8120-7C4919DF9D40}"
EndProject
Project("{2150E333-8FDC-42A3-9474-1A3956D46DE8}") = "CitasMedicasMS", "CitasMedicasMS", "{739AA7EF-77CB-4518-B64F-E16EA9FC487C}"
EndProject
Project("{9A19103F-16F7-4668-BE54-9A1E7A4F7556}") = "GestionCitas.Domain", "..\ProyectoInetumCitas\GestionCitasMedicas.Domain\GestionCitasMedicas.Domain\GestionCitas.Domain.csproj", "{38E9E029-E7A6-4662-83FE-3E0137AB835A}"
EndProject
Project("{9A19103F-16F7-4668-BE54-9A1E7A4F7556}") = "GestionCitas.API", "..\ProyectoInetumCitas\GestionPersonas.API\GestionCitas.API.csproj", "{BC15ABED-245F-4ED0-BEBE-DF881FD0F1D8}"
EndProject
Project("{9A19103F-16F7-4668-BE54-9A1E7A4F7556}") = "GestionCitas.Application", "..\ProyectoInetumCitas\GestionPersonas.Application\GestionCitas.Application.csproj", "{3649CE9D-FDFA-47A4-90E7-6304544D39AE}"
EndProject
Project("{9A19103F-16F7-4668-BE54-9A1E7A4F7556}") = "GestionCitas.Infraestructura", "..\ProyectoInetumCitas\GestionPersonas.Infraestructura\GestionCitas.Infraestructura.csproj", "{C2053E1A-EE04-4E6F-861D-04FDD399B8C6}"
EndProject
Project("{9A19103F-16F7-4668-BE54-9A1E7A4F7556}") = "GestionCitas.UnitTest", "..\ProyectoInetumCitas\GestionCitas.UnitTest\GestionCitas.UnitTest.csproj", "{1EF8B4F5-EBB5-4F86-93B6-4EC6F498421D}"
EndProject
Project("{2150E333-8FDC-42A3-9474-1A3956D46DE8}") = "RecetasMS", "RecetasMS", "{54D9D226-D1DE-48DC-8BA8-CB127567B5D7}"
EndProject
Project("{9A19103F-16F7-4668-BE54-9A1E7A4F7556}") = "GestionRecetas.Domain", "..\ProyectoInetumRecetas\GestionCitasMedicas.Domain\GestionCitasMedicas.Domain\GestionRecetas.Domain.csproj", "{A9CB278C-80F8-4971-8FF9-9CE2A130FA00}"
EndProject
Project("{9A19103F-16F7-4668-BE54-9A1E7A4F7556}") = "GestionRecetas.Application", "..\ProyectoInetumRecetas\GestionPersonas.Application\GestionRecetas.Application.csproj", "{7D4E5F61-C93C-42ED-8DA9-AD5F2303C165}"
EndProject
Project("{9A19103F-16F7-4668-BE54-9A1E7A4F7556}") = "GestionRecetas.API", "..\ProyectoInetumRecetas\GestionPersonas.API\GestionRecetas.API.csproj", "{583529E3-AD69-440D-9763-5A49C576B97B}"
EndProject
Project("{9A19103F-16F7-4668-BE54-9A1E7A4F7556}") = "GestionRecetas.Infraestructura", "..\ProyectoInetumRecetas\GestionPersonas.Infraestructura\GestionRecetas.Infraestructura.csproj", "{9767F617-C7CE-4BE2-B1D3-A20CDFC6DC00}"
EndProject
Project("{9A19103F-16F7-4668-BE54-9A1E7A4F7556}") = "GestionRecetas.UnitTest", "..\ProyectoInetumRecetas\GestionRecetas.UnitTest\GestionRecetas.UnitTest.csproj", "{6C169F52-8884-4EBC-ADB9-845E1AAD5D07}"
EndProject
Project("{2150E333-8FDC-42A3-9474-1A3956D46DE8}") = "Domain", "Domain", "{ABA824BD-10BA-4367-9542-190B780E5DB7}"
EndProject
Project("{2150E333-8FDC-42A3-9474-1A3956D46DE8}") = "Infraestructure.Bus", "Infraestructure.Bus", "{9C26B8C0-A8D6-49B7-9B68-826602936514}"
EndProject
Project("{2150E333-8FDC-42A3-9474-1A3956D46DE8}") = "InfraEstructure.IoC", "InfraEstructure.IoC", "{D5FBD751-AC43-45A3-974C-B3D7FB1579F8}"
EndProject
Project("{9A19103F-16F7-4668-BE54-9A1E7A4F7556}") = "SharedLibrary", "SharedLibrary\SharedLibrary.csproj", "{E6B275ED-7946-4D22-95AC-59CAEF47D66C}"
EndProject
Project("{FAE04EC0-301F-11D3-BF4B-00C04F79EFBC}") = "MicroRabbit.Domain.Core", "MicroRabbit.Domain.Core\MicroRabbit.Domain.Core.csproj", "{7F44DFFE-FAA6-4E71-87C0-18DA22C5A44B}"
EndProject
Project("{FAE04EC0-301F-11D3-BF4B-00C04F79EFBC}") = "MicroRabbit.Infra.Bus", "MicroRabbit.Infra.Bus\MicroRabbit.Infra.Bus.csproj", "{0AC27019-2DB9-4950-A6E0-320430C1B9E5}"
EndProject
Project("{2150E333-8FDC-42A3-9474-1A3956D46DE8}") = "MicroRabbitAplicacion", "MicroRabbitAplicacion", "{83514FC2-158D-496C-B02F-6E145EA9DC42}"
EndProject
Project("{2150E333-8FDC-42A3-9474-1A3956D46DE8}") = "Command", "Command", "{95540E74-E013-4BDE-8CD1-C86D126ADDFB}"
EndProject
Global
	GlobalSection(SolutionConfigurationPlatforms) = preSolution
		Debug|Any CPU = Debug|Any CPU
		Release|Any CPU = Release|Any CPU
	EndGlobalSection
	GlobalSection(ProjectConfigurationPlatforms) = postSolution
		{573EC16A-9AF7-436F-83CD-A92604129FA8}.Debug|Any CPU.ActiveCfg = Debug|Any CPU
		{573EC16A-9AF7-436F-83CD-A92604129FA8}.Debug|Any CPU.Build.0 = Debug|Any CPU
		{573EC16A-9AF7-436F-83CD-A92604129FA8}.Release|Any CPU.ActiveCfg = Release|Any CPU
		{573EC16A-9AF7-436F-83CD-A92604129FA8}.Release|Any CPU.Build.0 = Release|Any CPU
		{75FA8AA8-22DB-4B0C-A8C0-238628CE695A}.Debug|Any CPU.ActiveCfg = Debug|Any CPU
		{75FA8AA8-22DB-4B0C-A8C0-238628CE695A}.Debug|Any CPU.Build.0 = Debug|Any CPU
		{75FA8AA8-22DB-4B0C-A8C0-238628CE695A}.Release|Any CPU.ActiveCfg = Release|Any CPU
		{75FA8AA8-22DB-4B0C-A8C0-238628CE695A}.Release|Any CPU.Build.0 = Release|Any CPU
		{6C44A8AA-788D-4341-B810-9B0E680B8C6C}.Debug|Any CPU.ActiveCfg = Debug|Any CPU
		{6C44A8AA-788D-4341-B810-9B0E680B8C6C}.Debug|Any CPU.Build.0 = Debug|Any CPU
		{6C44A8AA-788D-4341-B810-9B0E680B8C6C}.Release|Any CPU.ActiveCfg = Release|Any CPU
		{6C44A8AA-788D-4341-B810-9B0E680B8C6C}.Release|Any CPU.Build.0 = Release|Any CPU
		{ABFCFD74-7388-43D2-9A7B-847C6D932108}.Debug|Any CPU.ActiveCfg = Debug|Any CPU
		{ABFCFD74-7388-43D2-9A7B-847C6D932108}.Debug|Any CPU.Build.0 = Debug|Any CPU
		{ABFCFD74-7388-43D2-9A7B-847C6D932108}.Release|Any CPU.ActiveCfg = Release|Any CPU
		{ABFCFD74-7388-43D2-9A7B-847C6D932108}.Release|Any CPU.Build.0 = Release|Any CPU
		{71E2D0B9-9889-4786-8120-7C4919DF9D40}.Debug|Any CPU.ActiveCfg = Debug|Any CPU
		{71E2D0B9-9889-4786-8120-7C4919DF9D40}.Debug|Any CPU.Build.0 = Debug|Any CPU
		{71E2D0B9-9889-4786-8120-7C4919DF9D40}.Release|Any CPU.ActiveCfg = Release|Any CPU
		{71E2D0B9-9889-4786-8120-7C4919DF9D40}.Release|Any CPU.Build.0 = Release|Any CPU
		{38E9E029-E7A6-4662-83FE-3E0137AB835A}.Debug|Any CPU.ActiveCfg = Debug|Any CPU
		{38E9E029-E7A6-4662-83FE-3E0137AB835A}.Debug|Any CPU.Build.0 = Debug|Any CPU
		{38E9E029-E7A6-4662-83FE-3E0137AB835A}.Release|Any CPU.ActiveCfg = Release|Any CPU
		{38E9E029-E7A6-4662-83FE-3E0137AB835A}.Release|Any CPU.Build.0 = Release|Any CPU
		{BC15ABED-245F-4ED0-BEBE-DF881FD0F1D8}.Debug|Any CPU.ActiveCfg = Debug|Any CPU
		{BC15ABED-245F-4ED0-BEBE-DF881FD0F1D8}.Debug|Any CPU.Build.0 = Debug|Any CPU
		{BC15ABED-245F-4ED0-BEBE-DF881FD0F1D8}.Release|Any CPU.ActiveCfg = Release|Any CPU
		{BC15ABED-245F-4ED0-BEBE-DF881FD0F1D8}.Release|Any CPU.Build.0 = Release|Any CPU
		{3649CE9D-FDFA-47A4-90E7-6304544D39AE}.Debug|Any CPU.ActiveCfg = Debug|Any CPU
		{3649CE9D-FDFA-47A4-90E7-6304544D39AE}.Debug|Any CPU.Build.0 = Debug|Any CPU
		{3649CE9D-FDFA-47A4-90E7-6304544D39AE}.Release|Any CPU.ActiveCfg = Release|Any CPU
		{3649CE9D-FDFA-47A4-90E7-6304544D39AE}.Release|Any CPU.Build.0 = Release|Any CPU
		{C2053E1A-EE04-4E6F-861D-04FDD399B8C6}.Debug|Any CPU.ActiveCfg = Debug|Any CPU
		{C2053E1A-EE04-4E6F-861D-04FDD399B8C6}.Debug|Any CPU.Build.0 = Debug|Any CPU
		{C2053E1A-EE04-4E6F-861D-04FDD399B8C6}.Release|Any CPU.ActiveCfg = Release|Any CPU
		{C2053E1A-EE04-4E6F-861D-04FDD399B8C6}.Release|Any CPU.Build.0 = Release|Any CPU
		{1EF8B4F5-EBB5-4F86-93B6-4EC6F498421D}.Debug|Any CPU.ActiveCfg = Debug|Any CPU
		{1EF8B4F5-EBB5-4F86-93B6-4EC6F498421D}.Debug|Any CPU.Build.0 = Debug|Any CPU
		{1EF8B4F5-EBB5-4F86-93B6-4EC6F498421D}.Release|Any CPU.ActiveCfg = Release|Any CPU
		{1EF8B4F5-EBB5-4F86-93B6-4EC6F498421D}.Release|Any CPU.Build.0 = Release|Any CPU
		{A9CB278C-80F8-4971-8FF9-9CE2A130FA00}.Debug|Any CPU.ActiveCfg = Debug|Any CPU
		{A9CB278C-80F8-4971-8FF9-9CE2A130FA00}.Debug|Any CPU.Build.0 = Debug|Any CPU
		{A9CB278C-80F8-4971-8FF9-9CE2A130FA00}.Release|Any CPU.ActiveCfg = Release|Any CPU
		{A9CB278C-80F8-4971-8FF9-9CE2A130FA00}.Release|Any CPU.Build.0 = Release|Any CPU
		{7D4E5F61-C93C-42ED-8DA9-AD5F2303C165}.Debug|Any CPU.ActiveCfg = Debug|Any CPU
		{7D4E5F61-C93C-42ED-8DA9-AD5F2303C165}.Debug|Any CPU.Build.0 = Debug|Any CPU
		{7D4E5F61-C93C-42ED-8DA9-AD5F2303C165}.Release|Any CPU.ActiveCfg = Release|Any CPU
		{7D4E5F61-C93C-42ED-8DA9-AD5F2303C165}.Release|Any CPU.Build.0 = Release|Any CPU
		{583529E3-AD69-440D-9763-5A49C576B97B}.Debug|Any CPU.ActiveCfg = Debug|Any CPU
		{583529E3-AD69-440D-9763-5A49C576B97B}.Debug|Any CPU.Build.0 = Debug|Any CPU
		{583529E3-AD69-440D-9763-5A49C576B97B}.Release|Any CPU.ActiveCfg = Release|Any CPU
		{583529E3-AD69-440D-9763-5A49C576B97B}.Release|Any CPU.Build.0 = Release|Any CPU
		{9767F617-C7CE-4BE2-B1D3-A20CDFC6DC00}.Debug|Any CPU.ActiveCfg = Debug|Any CPU
		{9767F617-C7CE-4BE2-B1D3-A20CDFC6DC00}.Debug|Any CPU.Build.0 = Debug|Any CPU
		{9767F617-C7CE-4BE2-B1D3-A20CDFC6DC00}.Release|Any CPU.ActiveCfg = Release|Any CPU
		{9767F617-C7CE-4BE2-B1D3-A20CDFC6DC00}.Release|Any CPU.Build.0 = Release|Any CPU
		{6C169F52-8884-4EBC-ADB9-845E1AAD5D07}.Debug|Any CPU.ActiveCfg = Debug|Any CPU
		{6C169F52-8884-4EBC-ADB9-845E1AAD5D07}.Debug|Any CPU.Build.0 = Debug|Any CPU
		{6C169F52-8884-4EBC-ADB9-845E1AAD5D07}.Release|Any CPU.ActiveCfg = Release|Any CPU
		{6C169F52-8884-4EBC-ADB9-845E1AAD5D07}.Release|Any CPU.Build.0 = Release|Any CPU
		{E6B275ED-7946-4D22-95AC-59CAEF47D66C}.Debug|Any CPU.ActiveCfg = Debug|Any CPU
		{E6B275ED-7946-4D22-95AC-59CAEF47D66C}.Debug|Any CPU.Build.0 = Debug|Any CPU
		{E6B275ED-7946-4D22-95AC-59CAEF47D66C}.Release|Any CPU.ActiveCfg = Release|Any CPU
		{E6B275ED-7946-4D22-95AC-59CAEF47D66C}.Release|Any CPU.Build.0 = Release|Any CPU
		{7F44DFFE-FAA6-4E71-87C0-18DA22C5A44B}.Debug|Any CPU.ActiveCfg = Debug|Any CPU
		{7F44DFFE-FAA6-4E71-87C0-18DA22C5A44B}.Debug|Any CPU.Build.0 = Debug|Any CPU
		{7F44DFFE-FAA6-4E71-87C0-18DA22C5A44B}.Release|Any CPU.ActiveCfg = Release|Any CPU
		{7F44DFFE-FAA6-4E71-87C0-18DA22C5A44B}.Release|Any CPU.Build.0 = Release|Any CPU
		{0AC27019-2DB9-4950-A6E0-320430C1B9E5}.Debug|Any CPU.ActiveCfg = Debug|Any CPU
		{0AC27019-2DB9-4950-A6E0-320430C1B9E5}.Debug|Any CPU.Build.0 = Debug|Any CPU
		{0AC27019-2DB9-4950-A6E0-320430C1B9E5}.Release|Any CPU.ActiveCfg = Release|Any CPU
		{0AC27019-2DB9-4950-A6E0-320430C1B9E5}.Release|Any CPU.Build.0 = Release|Any CPU
	EndGlobalSection
	GlobalSection(SolutionProperties) = preSolution
		HideSolutionNode = FALSE
	EndGlobalSection
	GlobalSection(NestedProjects) = preSolution
		{8B0E8093-A335-4187-9E36-990FD5590426} = {BAFA5B82-5698-48C2-8306-74FABCF411C1}
		{573EC16A-9AF7-436F-83CD-A92604129FA8} = {8B0E8093-A335-4187-9E36-990FD5590426}
		{75FA8AA8-22DB-4B0C-A8C0-238628CE695A} = {8B0E8093-A335-4187-9E36-990FD5590426}
		{6C44A8AA-788D-4341-B810-9B0E680B8C6C} = {8B0E8093-A335-4187-9E36-990FD5590426}
		{ABFCFD74-7388-43D2-9A7B-847C6D932108} = {8B0E8093-A335-4187-9E36-990FD5590426}
		{71E2D0B9-9889-4786-8120-7C4919DF9D40} = {8B0E8093-A335-4187-9E36-990FD5590426}
		{739AA7EF-77CB-4518-B64F-E16EA9FC487C} = {BAFA5B82-5698-48C2-8306-74FABCF411C1}
		{38E9E029-E7A6-4662-83FE-3E0137AB835A} = {739AA7EF-77CB-4518-B64F-E16EA9FC487C}
		{BC15ABED-245F-4ED0-BEBE-DF881FD0F1D8} = {739AA7EF-77CB-4518-B64F-E16EA9FC487C}
		{3649CE9D-FDFA-47A4-90E7-6304544D39AE} = {739AA7EF-77CB-4518-B64F-E16EA9FC487C}
		{C2053E1A-EE04-4E6F-861D-04FDD399B8C6} = {739AA7EF-77CB-4518-B64F-E16EA9FC487C}
		{1EF8B4F5-EBB5-4F86-93B6-4EC6F498421D} = {739AA7EF-77CB-4518-B64F-E16EA9FC487C}
		{54D9D226-D1DE-48DC-8BA8-CB127567B5D7} = {BAFA5B82-5698-48C2-8306-74FABCF411C1}
		{A9CB278C-80F8-4971-8FF9-9CE2A130FA00} = {54D9D226-D1DE-48DC-8BA8-CB127567B5D7}
		{7D4E5F61-C93C-42ED-8DA9-AD5F2303C165} = {54D9D226-D1DE-48DC-8BA8-CB127567B5D7}
		{583529E3-AD69-440D-9763-5A49C576B97B} = {54D9D226-D1DE-48DC-8BA8-CB127567B5D7}
		{9767F617-C7CE-4BE2-B1D3-A20CDFC6DC00} = {54D9D226-D1DE-48DC-8BA8-CB127567B5D7}
		{6C169F52-8884-4EBC-ADB9-845E1AAD5D07} = {54D9D226-D1DE-48DC-8BA8-CB127567B5D7}
		{E6B275ED-7946-4D22-95AC-59CAEF47D66C} = {D5FBD751-AC43-45A3-974C-B3D7FB1579F8}
		{7F44DFFE-FAA6-4E71-87C0-18DA22C5A44B} = {ABA824BD-10BA-4367-9542-190B780E5DB7}
		{0AC27019-2DB9-4950-A6E0-320430C1B9E5} = {9C26B8C0-A8D6-49B7-9B68-826602936514}
		{95540E74-E013-4BDE-8CD1-C86D126ADDFB} = {83514FC2-158D-496C-B02F-6E145EA9DC42}
	EndGlobalSection
	GlobalSection(ExtensibilityGlobals) = postSolution
		SolutionGuid = {057FFAD1-425A-40B2-8364-A592868B3C76}
	EndGlobalSection
EndGlobal
